
Microsoft Visual Studio Solution File, Format Version 12.00
# Visual Studio 15
VisualStudioVersion = 15.0.27703.2042
MinimumVisualStudioVersion = 10.0.40219.1
Project("{8BC9CEB8-8B4A-11D0-8D11-00A0C91BC942}") = "_labnet", "_labnet\_labnet.vcxproj", "{743C7247-479D-49D8-AD60-7F2D70778A7A}"
EndProject
Global
	GlobalSection(SolutionConfigurationPlatforms) = preSolution
		Debug|x64 = Debug|x64
		Debug|x86 = Debug|x86
		Release|x64 = Release|x64
		Release|x86 = Release|x86
	EndGlobalSection
	GlobalSection(ProjectConfigurationPlatforms) = postSolution
		{743C7247-479D-49D8-AD60-7F2D70778A7A}.Debug|x64.ActiveCfg = Debug|x64
		{743C7247-479D-49D8-AD60-7F2D70778A7A}.Debug|x64.Build.0 = Debug|x64
		{743C7247-479D-49D8-AD60-7F2D70778A7A}.Debug|x86.ActiveCfg = Debug|Win32
		{743C7247-479D-49D8-AD60-7F2D70778A7A}.Debug|x86.Build.0 = Debug|Win32
		{743C7247-479D-49D8-AD60-7F2D70778A7A}.Release|x64.ActiveCfg = Release|x64
		{743C7247-479D-49D8-AD60-7F2D70778A7A}.Release|x64.Build.0 = Release|x64
		{743C7247-479D-49D8-AD60-7F2D70778A7A}.Release|x86.ActiveCfg = Release|Win32
		{743C7247-479D-49D8-AD60-7F2D70778A7A}.Release|x86.Build.0 = Release|Win32
	EndGlobalSection
	GlobalSection(SolutionProperties) = preSolution
		HideSolutionNode = FALSE
	EndGlobalSection
	GlobalSection(ExtensibilityGlobals) = postSolution
		SolutionGuid = {71CE803F-9E9C-414D-91AF-1FC8074292A9}
	EndGlobalSection
EndGlobal
